
Microsoft Visual Studio Solution File, Format Version 12.00
# Visual Studio Version 17
VisualStudioVersion = 17.8.34330.188
MinimumVisualStudioVersion = 10.0.40219.1
Project("{FAE04EC0-301F-11D3-BF4B-00C04F79EFBC}") = "UI", "UI\UI.csproj", "{46A10539-DEA7-4890-A219-C5AD41E65FFC}"
EndProject
Project("{FAE04EC0-301F-11D3-BF4B-00C04F79EFBC}") = "GestaoDePedidos", "GestaoDePedidos\GestaoDePedidos.csproj", "{69FFB551-80D1-481C-96DE-0F1FF00A247A}"
EndProject
Project("{FAE04EC0-301F-11D3-BF4B-00C04F79EFBC}") = "Cardapio", "Cardapio\Cardapio.csproj", "{ACB542C0-C756-4443-B5C6-52DEE6A8CCFF}"
EndProject
Project("{FAE04EC0-301F-11D3-BF4B-00C04F79EFBC}") = "JsonParsing", "JsonParsing\JsonParsing.csproj", "{C3F0AA7C-4ED4-4252-A645-16028BE3B16A}"
EndProject
Project("{FAE04EC0-301F-11D3-BF4B-00C04F79EFBC}") = "Funcionarios", "Funcionarios\Funcionarios.csproj", "{2C82084C-0582-4DD5-AAF7-195C8129D318}"
EndProject
Global
	GlobalSection(SolutionConfigurationPlatforms) = preSolution
		Debug|Any CPU = Debug|Any CPU
		Release|Any CPU = Release|Any CPU
	EndGlobalSection
	GlobalSection(ProjectConfigurationPlatforms) = postSolution
		{46A10539-DEA7-4890-A219-C5AD41E65FFC}.Debug|Any CPU.ActiveCfg = Debug|Any CPU
		{46A10539-DEA7-4890-A219-C5AD41E65FFC}.Debug|Any CPU.Build.0 = Debug|Any CPU
		{46A10539-DEA7-4890-A219-C5AD41E65FFC}.Release|Any CPU.ActiveCfg = Release|Any CPU
		{46A10539-DEA7-4890-A219-C5AD41E65FFC}.Release|Any CPU.Build.0 = Release|Any CPU
		{69FFB551-80D1-481C-96DE-0F1FF00A247A}.Debug|Any CPU.ActiveCfg = Debug|Any CPU
		{69FFB551-80D1-481C-96DE-0F1FF00A247A}.Debug|Any CPU.Build.0 = Debug|Any CPU
		{69FFB551-80D1-481C-96DE-0F1FF00A247A}.Release|Any CPU.ActiveCfg = Release|Any CPU
		{69FFB551-80D1-481C-96DE-0F1FF00A247A}.Release|Any CPU.Build.0 = Release|Any CPU
		{ACB542C0-C756-4443-B5C6-52DEE6A8CCFF}.Debug|Any CPU.ActiveCfg = Debug|Any CPU
		{ACB542C0-C756-4443-B5C6-52DEE6A8CCFF}.Debug|Any CPU.Build.0 = Debug|Any CPU
		{ACB542C0-C756-4443-B5C6-52DEE6A8CCFF}.Release|Any CPU.ActiveCfg = Release|Any CPU
		{ACB542C0-C756-4443-B5C6-52DEE6A8CCFF}.Release|Any CPU.Build.0 = Release|Any CPU
		{C3F0AA7C-4ED4-4252-A645-16028BE3B16A}.Debug|Any CPU.ActiveCfg = Debug|Any CPU
		{C3F0AA7C-4ED4-4252-A645-16028BE3B16A}.Debug|Any CPU.Build.0 = Debug|Any CPU
		{C3F0AA7C-4ED4-4252-A645-16028BE3B16A}.Release|Any CPU.ActiveCfg = Release|Any CPU
		{C3F0AA7C-4ED4-4252-A645-16028BE3B16A}.Release|Any CPU.Build.0 = Release|Any CPU
		{2C82084C-0582-4DD5-AAF7-195C8129D318}.Debug|Any CPU.ActiveCfg = Debug|Any CPU
		{2C82084C-0582-4DD5-AAF7-195C8129D318}.Debug|Any CPU.Build.0 = Debug|Any CPU
		{2C82084C-0582-4DD5-AAF7-195C8129D318}.Release|Any CPU.ActiveCfg = Release|Any CPU
		{2C82084C-0582-4DD5-AAF7-195C8129D318}.Release|Any CPU.Build.0 = Release|Any CPU
	EndGlobalSection
	GlobalSection(SolutionProperties) = preSolution
		HideSolutionNode = FALSE
	EndGlobalSection
	GlobalSection(ExtensibilityGlobals) = postSolution
		SolutionGuid = {5BE5D1DE-72E6-400B-94BF-D117E959C162}
	EndGlobalSection
EndGlobal
